
Microsoft Visual Studio Solution File, Format Version 12.00
# Visual Studio 15
VisualStudioVersion = 15.0.27703.2035
MinimumVisualStudioVersion = 10.0.40219.1
Project("{FAE04EC0-301F-11D3-BF4B-00C04F79EFBC}") = "GuessingGame2", "GuessingGame2\GuessingGame2.csproj", "{EC17CCA1-962B-4721-9DEC-9FC2EFC0BC23}"
EndProject
Global
	GlobalSection(SolutionConfigurationPlatforms) = preSolution
		Debug|Any CPU = Debug|Any CPU
		Release|Any CPU = Release|Any CPU
	EndGlobalSection
	GlobalSection(ProjectConfigurationPlatforms) = postSolution
		{EC17CCA1-962B-4721-9DEC-9FC2EFC0BC23}.Debug|Any CPU.ActiveCfg = Debug|Any CPU
		{EC17CCA1-962B-4721-9DEC-9FC2EFC0BC23}.Debug|Any CPU.Build.0 = Debug|Any CPU
		{EC17CCA1-962B-4721-9DEC-9FC2EFC0BC23}.Release|Any CPU.ActiveCfg = Release|Any CPU
		{EC17CCA1-962B-4721-9DEC-9FC2EFC0BC23}.Release|Any CPU.Build.0 = Release|Any CPU
	EndGlobalSection
	GlobalSection(SolutionProperties) = preSolution
		HideSolutionNode = FALSE
	EndGlobalSection
	GlobalSection(ExtensibilityGlobals) = postSolution
		SolutionGuid = {EDA9D3E2-C602-498E-9072-E16FA2DB88CF}
	EndGlobalSection
EndGlobal
